
Microsoft Visual Studio Solution File, Format Version 12.00
# Visual Studio Version 17
VisualStudioVersion = 17.10.34707.107
MinimumVisualStudioVersion = 10.0.40219.1
Project("{9A19103F-16F7-4668-BE54-9A1E7A4F7556}") = "B.Application", "B.Application\B.Application.csproj", "{E890E7BC-CE16-44E0-B656-0E3079AF1679}"
EndProject
Project("{FAE04EC0-301F-11D3-BF4B-00C04F79EFBC}") = "B.Domain", "B.Domain\B.Domain.csproj", "{9DCD9143-95D1-4B58-A129-C2D90B30DEB1}"
EndProject
Project("{FAE04EC0-301F-11D3-BF4B-00C04F79EFBC}") = "B.Infrastructure", "B.Infrastructure\B.Infrastructure.csproj", "{5E016AA4-D428-4EEA-B7C2-D0337A1529EC}"
EndProject
Project("{FAE04EC0-301F-11D3-BF4B-00C04F79EFBC}") = "B_.Tests.Unit", "B_.Tests.Unit\B_.Tests.Unit.csproj", "{037A276D-D6BF-45CD-9B69-B53C31B0CF2C}"
EndProject
Global
	GlobalSection(SolutionConfigurationPlatforms) = preSolution
		Debug|Any CPU = Debug|Any CPU
		Release|Any CPU = Release|Any CPU
	EndGlobalSection
	GlobalSection(ProjectConfigurationPlatforms) = postSolution
		{E890E7BC-CE16-44E0-B656-0E3079AF1679}.Debug|Any CPU.ActiveCfg = Debug|Any CPU
		{E890E7BC-CE16-44E0-B656-0E3079AF1679}.Debug|Any CPU.Build.0 = Debug|Any CPU
		{E890E7BC-CE16-44E0-B656-0E3079AF1679}.Release|Any CPU.ActiveCfg = Release|Any CPU
		{E890E7BC-CE16-44E0-B656-0E3079AF1679}.Release|Any CPU.Build.0 = Release|Any CPU
		{9DCD9143-95D1-4B58-A129-C2D90B30DEB1}.Debug|Any CPU.ActiveCfg = Debug|Any CPU
		{9DCD9143-95D1-4B58-A129-C2D90B30DEB1}.Debug|Any CPU.Build.0 = Debug|Any CPU
		{9DCD9143-95D1-4B58-A129-C2D90B30DEB1}.Release|Any CPU.ActiveCfg = Release|Any CPU
		{9DCD9143-95D1-4B58-A129-C2D90B30DEB1}.Release|Any CPU.Build.0 = Release|Any CPU
		{5E016AA4-D428-4EEA-B7C2-D0337A1529EC}.Debug|Any CPU.ActiveCfg = Debug|Any CPU
		{5E016AA4-D428-4EEA-B7C2-D0337A1529EC}.Debug|Any CPU.Build.0 = Debug|Any CPU
		{5E016AA4-D428-4EEA-B7C2-D0337A1529EC}.Release|Any CPU.ActiveCfg = Release|Any CPU
		{5E016AA4-D428-4EEA-B7C2-D0337A1529EC}.Release|Any CPU.Build.0 = Release|Any CPU
		{037A276D-D6BF-45CD-9B69-B53C31B0CF2C}.Debug|Any CPU.ActiveCfg = Debug|Any CPU
		{037A276D-D6BF-45CD-9B69-B53C31B0CF2C}.Debug|Any CPU.Build.0 = Debug|Any CPU
		{037A276D-D6BF-45CD-9B69-B53C31B0CF2C}.Release|Any CPU.ActiveCfg = Release|Any CPU
		{037A276D-D6BF-45CD-9B69-B53C31B0CF2C}.Release|Any CPU.Build.0 = Release|Any CPU
	EndGlobalSection
	GlobalSection(SolutionProperties) = preSolution
		HideSolutionNode = FALSE
	EndGlobalSection
	GlobalSection(ExtensibilityGlobals) = postSolution
		SolutionGuid = {CDE9B2BA-1EF0-42E2-9E40-F03D59293F46}
	EndGlobalSection
EndGlobal
